
Microsoft Visual Studio Solution File, Format Version 12.00
# Visual Studio 15
VisualStudioVersion = 15.0.26730.10
MinimumVisualStudioVersion = 10.0.40219.1

Project("{6EC3EE1D-3C4E-46DD-8F32-0CC8E7565705}") = "Fracio", "Fracio\Fracio.fsproj", "{3FA031BD-CADB-4A03-AF41-655DE3089216}"
EndProject

Project("{F2A71F9B-5D33-465A-A702-920D77279786}") = "Fracio.Android", "Fracio.Android\Fracio.Android.fsproj", "{670460FC-4E17-4F08-9570-6F38D37CF084}"
EndProject


Project("{F2A71F9B-5D33-465A-A702-920D77279786}") = "Fracio.iOS", "Fracio.iOS\Fracio.iOS.fsproj", "{BEBA777A-7875-45CC-9BEC-84A4285F4B5D}"
EndProject




Global
	GlobalSection(SolutionConfigurationPlatforms) = preSolution
		Ad-Hoc|Any CPU = Ad-Hoc|Any CPU
		Ad-Hoc|ARM = Ad-Hoc|ARM
		Ad-Hoc|iPhone = Ad-Hoc|iPhone
		Ad-Hoc|iPhoneSimulator = Ad-Hoc|iPhoneSimulator
		Ad-Hoc|x64 = Ad-Hoc|x64
		Ad-Hoc|x86 = Ad-Hoc|x86
		AppStore|Any CPU = AppStore|Any CPU
		AppStore|ARM = AppStore|ARM
		AppStore|iPhone = AppStore|iPhone
		AppStore|iPhoneSimulator = AppStore|iPhoneSimulator
		AppStore|x64 = AppStore|x64
		AppStore|x86 = AppStore|x86
		Debug|Any CPU = Debug|Any CPU
		Debug|ARM = Debug|ARM
		Debug|iPhone = Debug|iPhone
		Debug|iPhoneSimulator = Debug|iPhoneSimulator
		Debug|x64 = Debug|x64
		Debug|x86 = Debug|x86
		Release|Any CPU = Release|Any CPU
		Release|ARM = Release|ARM
		Release|iPhone = Release|iPhone
		Release|iPhoneSimulator = Release|iPhoneSimulator
		Release|x64 = Release|x64
		Release|x86 = Release|x86
	EndGlobalSection
	GlobalSection(ProjectConfigurationPlatforms) = postSolution
		{3FA031BD-CADB-4A03-AF41-655DE3089216}.Ad-Hoc|Any CPU.ActiveCfg = Debug|Any CPU
		{3FA031BD-CADB-4A03-AF41-655DE3089216}.Ad-Hoc|Any CPU.Build.0 = Debug|Any CPU
		{3FA031BD-CADB-4A03-AF41-655DE3089216}.Ad-Hoc|ARM.ActiveCfg = Debug|Any CPU
		{3FA031BD-CADB-4A03-AF41-655DE3089216}.Ad-Hoc|ARM.Build.0 = Debug|Any CPU
		{3FA031BD-CADB-4A03-AF41-655DE3089216}.Ad-Hoc|iPhone.ActiveCfg = Debug|Any CPU
		{3FA031BD-CADB-4A03-AF41-655DE3089216}.Ad-Hoc|iPhone.Build.0 = Debug|Any CPU
		{3FA031BD-CADB-4A03-AF41-655DE3089216}.Ad-Hoc|iPhoneSimulator.ActiveCfg = Debug|Any CPU
		{3FA031BD-CADB-4A03-AF41-655DE3089216}.Ad-Hoc|iPhoneSimulator.Build.0 = Debug|Any CPU
		{3FA031BD-CADB-4A03-AF41-655DE3089216}.Ad-Hoc|x64.ActiveCfg = Debug|Any CPU
		{3FA031BD-CADB-4A03-AF41-655DE3089216}.Ad-Hoc|x64.Build.0 = Debug|Any CPU
		{3FA031BD-CADB-4A03-AF41-655DE3089216}.Ad-Hoc|x86.ActiveCfg = Debug|Any CPU
		{3FA031BD-CADB-4A03-AF41-655DE3089216}.Ad-Hoc|x86.Build.0 = Debug|Any CPU
		{3FA031BD-CADB-4A03-AF41-655DE3089216}.AppStore|Any CPU.ActiveCfg = Debug|Any CPU
		{3FA031BD-CADB-4A03-AF41-655DE3089216}.AppStore|Any CPU.Build.0 = Debug|Any CPU
		{3FA031BD-CADB-4A03-AF41-655DE3089216}.AppStore|ARM.ActiveCfg = Debug|Any CPU
		{3FA031BD-CADB-4A03-AF41-655DE3089216}.AppStore|ARM.Build.0 = Debug|Any CPU
		{3FA031BD-CADB-4A03-AF41-655DE3089216}.AppStore|iPhone.ActiveCfg = Debug|Any CPU
		{3FA031BD-CADB-4A03-AF41-655DE3089216}.AppStore|iPhone.Build.0 = Debug|Any CPU
		{3FA031BD-CADB-4A03-AF41-655DE3089216}.AppStore|iPhoneSimulator.ActiveCfg = Debug|Any CPU
		{3FA031BD-CADB-4A03-AF41-655DE3089216}.AppStore|iPhoneSimulator.Build.0 = Debug|Any CPU
		{3FA031BD-CADB-4A03-AF41-655DE3089216}.AppStore|x64.ActiveCfg = Debug|Any CPU
		{3FA031BD-CADB-4A03-AF41-655DE3089216}.AppStore|x64.Build.0 = Debug|Any CPU
		{3FA031BD-CADB-4A03-AF41-655DE3089216}.AppStore|x86.ActiveCfg = Debug|Any CPU
		{3FA031BD-CADB-4A03-AF41-655DE3089216}.AppStore|x86.Build.0 = Debug|Any CPU
		{3FA031BD-CADB-4A03-AF41-655DE3089216}.Debug|Any CPU.ActiveCfg = Debug|Any CPU
		{3FA031BD-CADB-4A03-AF41-655DE3089216}.Debug|Any CPU.Build.0 = Debug|Any CPU
		{3FA031BD-CADB-4A03-AF41-655DE3089216}.Debug|ARM.ActiveCfg = Debug|Any CPU
		{3FA031BD-CADB-4A03-AF41-655DE3089216}.Debug|ARM.Build.0 = Debug|Any CPU
		{3FA031BD-CADB-4A03-AF41-655DE3089216}.Debug|iPhone.ActiveCfg = Debug|Any CPU
		{3FA031BD-CADB-4A03-AF41-655DE3089216}.Debug|iPhone.Build.0 = Debug|Any CPU
		{3FA031BD-CADB-4A03-AF41-655DE3089216}.Debug|iPhoneSimulator.ActiveCfg = Debug|Any CPU
		{3FA031BD-CADB-4A03-AF41-655DE3089216}.Debug|iPhoneSimulator.Build.0 = Debug|Any CPU
		{3FA031BD-CADB-4A03-AF41-655DE3089216}.Debug|x64.ActiveCfg = Debug|Any CPU
		{3FA031BD-CADB-4A03-AF41-655DE3089216}.Debug|x64.Build.0 = Debug|Any CPU
		{3FA031BD-CADB-4A03-AF41-655DE3089216}.Debug|x86.ActiveCfg = Debug|Any CPU
		{3FA031BD-CADB-4A03-AF41-655DE3089216}.Debug|x86.Build.0 = Debug|Any CPU
		{3FA031BD-CADB-4A03-AF41-655DE3089216}.Release|Any CPU.ActiveCfg = Release|Any CPU
		{3FA031BD-CADB-4A03-AF41-655DE3089216}.Release|Any CPU.Build.0 = Release|Any CPU
		{3FA031BD-CADB-4A03-AF41-655DE3089216}.Release|ARM.ActiveCfg = Release|Any CPU
		{3FA031BD-CADB-4A03-AF41-655DE3089216}.Release|ARM.Build.0 = Release|Any CPU
		{3FA031BD-CADB-4A03-AF41-655DE3089216}.Release|iPhone.ActiveCfg = Release|Any CPU
		{3FA031BD-CADB-4A03-AF41-655DE3089216}.Release|iPhone.Build.0 = Release|Any CPU
		{3FA031BD-CADB-4A03-AF41-655DE3089216}.Release|iPhoneSimulator.ActiveCfg = Release|Any CPU
		{3FA031BD-CADB-4A03-AF41-655DE3089216}.Release|iPhoneSimulator.Build.0 = Release|Any CPU
		{3FA031BD-CADB-4A03-AF41-655DE3089216}.Release|x64.ActiveCfg = Release|Any CPU
		{3FA031BD-CADB-4A03-AF41-655DE3089216}.Release|x64.Build.0 = Release|Any CPU
		{3FA031BD-CADB-4A03-AF41-655DE3089216}.Release|x86.ActiveCfg = Release|Any CPU
		{3FA031BD-CADB-4A03-AF41-655DE3089216}.Release|x86.Build.0 = Release|Any CPU
		{BEBA777A-7875-45CC-9BEC-84A4285F4B5D}.Ad-Hoc|Any CPU.ActiveCfg = Ad-Hoc|iPhone
		{BEBA777A-7875-45CC-9BEC-84A4285F4B5D}.Ad-Hoc|ARM.ActiveCfg = Ad-Hoc|iPhone
		{BEBA777A-7875-45CC-9BEC-84A4285F4B5D}.Ad-Hoc|iPhone.ActiveCfg = Ad-Hoc|iPhone
		{BEBA777A-7875-45CC-9BEC-84A4285F4B5D}.Ad-Hoc|iPhone.Build.0 = Ad-Hoc|iPhone
		{BEBA777A-7875-45CC-9BEC-84A4285F4B5D}.Ad-Hoc|iPhoneSimulator.ActiveCfg = Ad-Hoc|iPhoneSimulator
		{BEBA777A-7875-45CC-9BEC-84A4285F4B5D}.Ad-Hoc|iPhoneSimulator.Build.0 = Ad-Hoc|iPhoneSimulator
		{BEBA777A-7875-45CC-9BEC-84A4285F4B5D}.Ad-Hoc|x64.ActiveCfg = Ad-Hoc|iPhone
		{BEBA777A-7875-45CC-9BEC-84A4285F4B5D}.Ad-Hoc|x86.ActiveCfg = Ad-Hoc|iPhone
		{BEBA777A-7875-45CC-9BEC-84A4285F4B5D}.AppStore|Any CPU.ActiveCfg = AppStore|iPhone
		{BEBA777A-7875-45CC-9BEC-84A4285F4B5D}.AppStore|ARM.ActiveCfg = AppStore|iPhone
		{BEBA777A-7875-45CC-9BEC-84A4285F4B5D}.AppStore|iPhone.ActiveCfg = AppStore|iPhone
		{BEBA777A-7875-45CC-9BEC-84A4285F4B5D}.AppStore|iPhone.Build.0 = AppStore|iPhone
		{BEBA777A-7875-45CC-9BEC-84A4285F4B5D}.AppStore|iPhoneSimulator.ActiveCfg = AppStore|iPhoneSimulator
		{BEBA777A-7875-45CC-9BEC-84A4285F4B5D}.AppStore|iPhoneSimulator.Build.0 = AppStore|iPhoneSimulator
		{BEBA777A-7875-45CC-9BEC-84A4285F4B5D}.AppStore|x64.ActiveCfg = AppStore|iPhone
		{BEBA777A-7875-45CC-9BEC-84A4285F4B5D}.AppStore|x86.ActiveCfg = AppStore|iPhone
		{BEBA777A-7875-45CC-9BEC-84A4285F4B5D}.Debug|Any CPU.ActiveCfg = Debug|iPhone
		{BEBA777A-7875-45CC-9BEC-84A4285F4B5D}.Debug|ARM.ActiveCfg = Debug|iPhone
		{BEBA777A-7875-45CC-9BEC-84A4285F4B5D}.Debug|iPhone.ActiveCfg = Debug|iPhone
		{BEBA777A-7875-45CC-9BEC-84A4285F4B5D}.Debug|iPhone.Build.0 = Debug|iPhone
		{BEBA777A-7875-45CC-9BEC-84A4285F4B5D}.Debug|iPhoneSimulator.ActiveCfg = Debug|iPhoneSimulator
		{BEBA777A-7875-45CC-9BEC-84A4285F4B5D}.Debug|iPhoneSimulator.Build.0 = Debug|iPhoneSimulator
		{BEBA777A-7875-45CC-9BEC-84A4285F4B5D}.Debug|x64.ActiveCfg = Debug|iPhone
		{BEBA777A-7875-45CC-9BEC-84A4285F4B5D}.Debug|x86.ActiveCfg = Debug|iPhone
		{BEBA777A-7875-45CC-9BEC-84A4285F4B5D}.Release|Any CPU.ActiveCfg = Release|iPhone
		{BEBA777A-7875-45CC-9BEC-84A4285F4B5D}.Release|ARM.ActiveCfg = Release|iPhone
		{BEBA777A-7875-45CC-9BEC-84A4285F4B5D}.Release|iPhone.ActiveCfg = Release|iPhone
		{BEBA777A-7875-45CC-9BEC-84A4285F4B5D}.Release|iPhone.Build.0 = Release|iPhone
		{BEBA777A-7875-45CC-9BEC-84A4285F4B5D}.Release|iPhoneSimulator.ActiveCfg = Release|iPhoneSimulator
		{BEBA777A-7875-45CC-9BEC-84A4285F4B5D}.Release|iPhoneSimulator.Build.0 = Release|iPhoneSimulator
		{BEBA777A-7875-45CC-9BEC-84A4285F4B5D}.Release|x64.ActiveCfg = Release|iPhone
		{BEBA777A-7875-45CC-9BEC-84A4285F4B5D}.Release|x86.ActiveCfg = Release|iPhone
		{CC113C1E-E152-465D-9976-6FD9BD7068CF}.Ad-Hoc|Any CPU.ActiveCfg = Release|x86
		{CC113C1E-E152-465D-9976-6FD9BD7068CF}.Ad-Hoc|Any CPU.Build.0 = Release|x86
		{CC113C1E-E152-465D-9976-6FD9BD7068CF}.Ad-Hoc|Any CPU.Deploy.0 = Release|x86
		{CC113C1E-E152-465D-9976-6FD9BD7068CF}.Ad-Hoc|ARM.ActiveCfg = Release|ARM
		{CC113C1E-E152-465D-9976-6FD9BD7068CF}.Ad-Hoc|ARM.Build.0 = Release|ARM
		{CC113C1E-E152-465D-9976-6FD9BD7068CF}.Ad-Hoc|ARM.Deploy.0 = Release|ARM
		{CC113C1E-E152-465D-9976-6FD9BD7068CF}.Ad-Hoc|iPhone.ActiveCfg = Release|x86
		{CC113C1E-E152-465D-9976-6FD9BD7068CF}.Ad-Hoc|iPhone.Build.0 = Release|x86
		{CC113C1E-E152-465D-9976-6FD9BD7068CF}.Ad-Hoc|iPhone.Deploy.0 = Release|x86
		{CC113C1E-E152-465D-9976-6FD9BD7068CF}.Ad-Hoc|iPhoneSimulator.ActiveCfg = Release|x86
		{CC113C1E-E152-465D-9976-6FD9BD7068CF}.Ad-Hoc|iPhoneSimulator.Build.0 = Release|x86
		{CC113C1E-E152-465D-9976-6FD9BD7068CF}.Ad-Hoc|iPhoneSimulator.Deploy.0 = Release|x86
		{CC113C1E-E152-465D-9976-6FD9BD7068CF}.Ad-Hoc|x64.ActiveCfg = Release|x64
		{CC113C1E-E152-465D-9976-6FD9BD7068CF}.Ad-Hoc|x64.Build.0 = Release|x64
		{CC113C1E-E152-465D-9976-6FD9BD7068CF}.Ad-Hoc|x64.Deploy.0 = Release|x64
		{CC113C1E-E152-465D-9976-6FD9BD7068CF}.Ad-Hoc|x86.ActiveCfg = Release|x86
		{CC113C1E-E152-465D-9976-6FD9BD7068CF}.Ad-Hoc|x86.Build.0 = Release|x86
		{CC113C1E-E152-465D-9976-6FD9BD7068CF}.Ad-Hoc|x86.Deploy.0 = Release|x86
		{CC113C1E-E152-465D-9976-6FD9BD7068CF}.AppStore|Any CPU.ActiveCfg = Release|x86
		{CC113C1E-E152-465D-9976-6FD9BD7068CF}.AppStore|Any CPU.Build.0 = Release|x86
		{CC113C1E-E152-465D-9976-6FD9BD7068CF}.AppStore|Any CPU.Deploy.0 = Release|x86
		{CC113C1E-E152-465D-9976-6FD9BD7068CF}.AppStore|ARM.ActiveCfg = Release|ARM
		{CC113C1E-E152-465D-9976-6FD9BD7068CF}.AppStore|ARM.Build.0 = Release|ARM
		{CC113C1E-E152-465D-9976-6FD9BD7068CF}.AppStore|ARM.Deploy.0 = Release|ARM
		{CC113C1E-E152-465D-9976-6FD9BD7068CF}.AppStore|iPhone.ActiveCfg = Release|x86
		{CC113C1E-E152-465D-9976-6FD9BD7068CF}.AppStore|iPhone.Build.0 = Release|x86
		{CC113C1E-E152-465D-9976-6FD9BD7068CF}.AppStore|iPhone.Deploy.0 = Release|x86
		{CC113C1E-E152-465D-9976-6FD9BD7068CF}.AppStore|iPhoneSimulator.ActiveCfg = Release|x86
		{CC113C1E-E152-465D-9976-6FD9BD7068CF}.AppStore|iPhoneSimulator.Build.0 = Release|x86
		{CC113C1E-E152-465D-9976-6FD9BD7068CF}.AppStore|iPhoneSimulator.Deploy.0 = Release|x86
		{CC113C1E-E152-465D-9976-6FD9BD7068CF}.AppStore|x64.ActiveCfg = Release|x64
		{CC113C1E-E152-465D-9976-6FD9BD7068CF}.AppStore|x64.Build.0 = Release|x64
		{CC113C1E-E152-465D-9976-6FD9BD7068CF}.AppStore|x64.Deploy.0 = Release|x64
		{CC113C1E-E152-465D-9976-6FD9BD7068CF}.AppStore|x86.ActiveCfg = Release|x86
		{CC113C1E-E152-465D-9976-6FD9BD7068CF}.AppStore|x86.Build.0 = Release|x86
		{CC113C1E-E152-465D-9976-6FD9BD7068CF}.AppStore|x86.Deploy.0 = Release|x86
		{CC113C1E-E152-465D-9976-6FD9BD7068CF}.Debug|Any CPU.ActiveCfg = Debug|x86
		{CC113C1E-E152-465D-9976-6FD9BD7068CF}.Debug|ARM.ActiveCfg = Debug|ARM
		{CC113C1E-E152-465D-9976-6FD9BD7068CF}.Debug|ARM.Build.0 = Debug|ARM
		{CC113C1E-E152-465D-9976-6FD9BD7068CF}.Debug|ARM.Deploy.0 = Debug|ARM
		{CC113C1E-E152-465D-9976-6FD9BD7068CF}.Debug|iPhone.ActiveCfg = Debug|x86
		{CC113C1E-E152-465D-9976-6FD9BD7068CF}.Debug|iPhoneSimulator.ActiveCfg = Debug|x86
		{CC113C1E-E152-465D-9976-6FD9BD7068CF}.Debug|x64.ActiveCfg = Debug|x64
		{CC113C1E-E152-465D-9976-6FD9BD7068CF}.Debug|x64.Build.0 = Debug|x64
		{CC113C1E-E152-465D-9976-6FD9BD7068CF}.Debug|x64.Deploy.0 = Debug|x64
		{CC113C1E-E152-465D-9976-6FD9BD7068CF}.Debug|x86.ActiveCfg = Debug|x86
		{CC113C1E-E152-465D-9976-6FD9BD7068CF}.Debug|x86.Build.0 = Debug|x86
		{CC113C1E-E152-465D-9976-6FD9BD7068CF}.Debug|x86.Deploy.0 = Debug|x86
		{CC113C1E-E152-465D-9976-6FD9BD7068CF}.Release|Any CPU.ActiveCfg = Release|x86
		{CC113C1E-E152-465D-9976-6FD9BD7068CF}.Release|ARM.ActiveCfg = Release|ARM
		{CC113C1E-E152-465D-9976-6FD9BD7068CF}.Release|ARM.Build.0 = Release|ARM
		{CC113C1E-E152-465D-9976-6FD9BD7068CF}.Release|ARM.Deploy.0 = Release|ARM
		{CC113C1E-E152-465D-9976-6FD9BD7068CF}.Release|iPhone.ActiveCfg = Release|x86
		{CC113C1E-E152-465D-9976-6FD9BD7068CF}.Release|iPhoneSimulator.ActiveCfg = Release|x86
		{CC113C1E-E152-465D-9976-6FD9BD7068CF}.Release|x64.ActiveCfg = Release|x64
		{CC113C1E-E152-465D-9976-6FD9BD7068CF}.Release|x64.Build.0 = Release|x64
		{CC113C1E-E152-465D-9976-6FD9BD7068CF}.Release|x64.Deploy.0 = Release|x64
		{CC113C1E-E152-465D-9976-6FD9BD7068CF}.Release|x86.ActiveCfg = Release|x86
		{CC113C1E-E152-465D-9976-6FD9BD7068CF}.Release|x86.Build.0 = Release|x86
		{CC113C1E-E152-465D-9976-6FD9BD7068CF}.Release|x86.Deploy.0 = Release|x86
		{6B5AB22E-5D48-4364-BF45-6F39A3A75074}.Ad-Hoc|Any CPU.ActiveCfg = Release|Any CPU
		{6B5AB22E-5D48-4364-BF45-6F39A3A75074}.Ad-Hoc|Any CPU.Build.0 = Release|Any CPU
		{6B5AB22E-5D48-4364-BF45-6F39A3A75074}.Ad-Hoc|ARM.ActiveCfg = Release|Any CPU
		{6B5AB22E-5D48-4364-BF45-6F39A3A75074}.Ad-Hoc|ARM.Build.0 = Release|Any CPU
		{6B5AB22E-5D48-4364-BF45-6F39A3A75074}.Ad-Hoc|iPhone.ActiveCfg = Release|Any CPU
		{6B5AB22E-5D48-4364-BF45-6F39A3A75074}.Ad-Hoc|iPhone.Build.0 = Release|Any CPU
		{6B5AB22E-5D48-4364-BF45-6F39A3A75074}.Ad-Hoc|iPhoneSimulator.ActiveCfg = Release|Any CPU
		{6B5AB22E-5D48-4364-BF45-6F39A3A75074}.Ad-Hoc|iPhoneSimulator.Build.0 = Release|Any CPU
		{6B5AB22E-5D48-4364-BF45-6F39A3A75074}.Ad-Hoc|x64.ActiveCfg = Release|Any CPU
		{6B5AB22E-5D48-4364-BF45-6F39A3A75074}.Ad-Hoc|x64.Build.0 = Release|Any CPU
		{6B5AB22E-5D48-4364-BF45-6F39A3A75074}.Ad-Hoc|x86.ActiveCfg = Release|Any CPU
		{6B5AB22E-5D48-4364-BF45-6F39A3A75074}.Ad-Hoc|x86.Build.0 = Release|Any CPU
		{6B5AB22E-5D48-4364-BF45-6F39A3A75074}.AppStore|Any CPU.ActiveCfg = Release|Any CPU
		{6B5AB22E-5D48-4364-BF45-6F39A3A75074}.AppStore|Any CPU.Build.0 = Release|Any CPU
		{6B5AB22E-5D48-4364-BF45-6F39A3A75074}.AppStore|ARM.ActiveCfg = Release|Any CPU
		{6B5AB22E-5D48-4364-BF45-6F39A3A75074}.AppStore|ARM.Build.0 = Release|Any CPU
		{6B5AB22E-5D48-4364-BF45-6F39A3A75074}.AppStore|iPhone.ActiveCfg = Release|Any CPU
		{6B5AB22E-5D48-4364-BF45-6F39A3A75074}.AppStore|iPhone.Build.0 = Release|Any CPU
		{6B5AB22E-5D48-4364-BF45-6F39A3A75074}.AppStore|iPhoneSimulator.ActiveCfg = Release|Any CPU
		{6B5AB22E-5D48-4364-BF45-6F39A3A75074}.AppStore|iPhoneSimulator.Build.0 = Release|Any CPU
		{6B5AB22E-5D48-4364-BF45-6F39A3A75074}.AppStore|x64.ActiveCfg = Release|Any CPU
		{6B5AB22E-5D48-4364-BF45-6F39A3A75074}.AppStore|x64.Build.0 = Release|Any CPU
		{6B5AB22E-5D48-4364-BF45-6F39A3A75074}.AppStore|x86.ActiveCfg = Release|Any CPU
		{6B5AB22E-5D48-4364-BF45-6F39A3A75074}.AppStore|x86.Build.0 = Release|Any CPU
		{6B5AB22E-5D48-4364-BF45-6F39A3A75074}.Debug|Any CPU.ActiveCfg = Debug|Any CPU
		{6B5AB22E-5D48-4364-BF45-6F39A3A75074}.Debug|Any CPU.Build.0 = Debug|Any CPU
		{6B5AB22E-5D48-4364-BF45-6F39A3A75074}.Debug|ARM.ActiveCfg = Debug|Any CPU
		{6B5AB22E-5D48-4364-BF45-6F39A3A75074}.Debug|ARM.Build.0 = Debug|Any CPU
		{6B5AB22E-5D48-4364-BF45-6F39A3A75074}.Debug|iPhone.ActiveCfg = Debug|Any CPU
		{6B5AB22E-5D48-4364-BF45-6F39A3A75074}.Debug|iPhone.Build.0 = Debug|Any CPU
		{6B5AB22E-5D48-4364-BF45-6F39A3A75074}.Debug|iPhoneSimulator.ActiveCfg = Debug|Any CPU
		{6B5AB22E-5D48-4364-BF45-6F39A3A75074}.Debug|iPhoneSimulator.Build.0 = Debug|Any CPU
		{6B5AB22E-5D48-4364-BF45-6F39A3A75074}.Debug|x64.ActiveCfg = Debug|Any CPU
		{6B5AB22E-5D48-4364-BF45-6F39A3A75074}.Debug|x64.Build.0 = Debug|Any CPU
		{6B5AB22E-5D48-4364-BF45-6F39A3A75074}.Debug|x86.ActiveCfg = Debug|Any CPU
		{6B5AB22E-5D48-4364-BF45-6F39A3A75074}.Debug|x86.Build.0 = Debug|Any CPU
		{6B5AB22E-5D48-4364-BF45-6F39A3A75074}.Release|Any CPU.ActiveCfg = Release|Any CPU
		{6B5AB22E-5D48-4364-BF45-6F39A3A75074}.Release|Any CPU.Build.0 = Release|Any CPU
		{6B5AB22E-5D48-4364-BF45-6F39A3A75074}.Release|ARM.ActiveCfg = Release|Any CPU
		{6B5AB22E-5D48-4364-BF45-6F39A3A75074}.Release|ARM.Build.0 = Release|Any CPU
		{6B5AB22E-5D48-4364-BF45-6F39A3A75074}.Release|iPhone.ActiveCfg = Release|Any CPU
		{6B5AB22E-5D48-4364-BF45-6F39A3A75074}.Release|iPhone.Build.0 = Release|Any CPU
		{6B5AB22E-5D48-4364-BF45-6F39A3A75074}.Release|iPhoneSimulator.ActiveCfg = Release|Any CPU
		{6B5AB22E-5D48-4364-BF45-6F39A3A75074}.Release|iPhoneSimulator.Build.0 = Release|Any CPU
		{6B5AB22E-5D48-4364-BF45-6F39A3A75074}.Release|x64.ActiveCfg = Release|Any CPU
		{6B5AB22E-5D48-4364-BF45-6F39A3A75074}.Release|x64.Build.0 = Release|Any CPU
		{6B5AB22E-5D48-4364-BF45-6F39A3A75074}.Release|x86.ActiveCfg = Release|Any CPU
		{6B5AB22E-5D48-4364-BF45-6F39A3A75074}.Release|x86.Build.0 = Release|Any CPU
		{A166310F-C72D-4A7C-8A63-4C5C66792A79}.Ad-Hoc|Any CPU.ActiveCfg = Release|Any CPU
		{A166310F-C72D-4A7C-8A63-4C5C66792A79}.Ad-Hoc|Any CPU.Build.0 = Release|Any CPU
		{A166310F-C72D-4A7C-8A63-4C5C66792A79}.Ad-Hoc|ARM.ActiveCfg = Release|Any CPU
		{A166310F-C72D-4A7C-8A63-4C5C66792A79}.Ad-Hoc|ARM.Build.0 = Release|Any CPU
		{A166310F-C72D-4A7C-8A63-4C5C66792A79}.Ad-Hoc|iPhone.ActiveCfg = Release|Any CPU
		{A166310F-C72D-4A7C-8A63-4C5C66792A79}.Ad-Hoc|iPhone.Build.0 = Release|Any CPU
		{A166310F-C72D-4A7C-8A63-4C5C66792A79}.Ad-Hoc|iPhoneSimulator.ActiveCfg = Release|Any CPU
		{A166310F-C72D-4A7C-8A63-4C5C66792A79}.Ad-Hoc|iPhoneSimulator.Build.0 = Release|Any CPU
		{A166310F-C72D-4A7C-8A63-4C5C66792A79}.Ad-Hoc|x64.ActiveCfg = Release|Any CPU
		{A166310F-C72D-4A7C-8A63-4C5C66792A79}.Ad-Hoc|x64.Build.0 = Release|Any CPU
		{A166310F-C72D-4A7C-8A63-4C5C66792A79}.Ad-Hoc|x86.ActiveCfg = Release|Any CPU
		{A166310F-C72D-4A7C-8A63-4C5C66792A79}.Ad-Hoc|x86.Build.0 = Release|Any CPU
		{A166310F-C72D-4A7C-8A63-4C5C66792A79}.AppStore|Any CPU.ActiveCfg = Release|Any CPU
		{A166310F-C72D-4A7C-8A63-4C5C66792A79}.AppStore|Any CPU.Build.0 = Release|Any CPU
		{A166310F-C72D-4A7C-8A63-4C5C66792A79}.AppStore|ARM.ActiveCfg = Release|Any CPU
		{A166310F-C72D-4A7C-8A63-4C5C66792A79}.AppStore|ARM.Build.0 = Release|Any CPU
		{A166310F-C72D-4A7C-8A63-4C5C66792A79}.AppStore|iPhone.ActiveCfg = Release|Any CPU
		{A166310F-C72D-4A7C-8A63-4C5C66792A79}.AppStore|iPhone.Build.0 = Release|Any CPU
		{A166310F-C72D-4A7C-8A63-4C5C66792A79}.AppStore|iPhoneSimulator.ActiveCfg = Release|Any CPU
		{A166310F-C72D-4A7C-8A63-4C5C66792A79}.AppStore|iPhoneSimulator.Build.0 = Release|Any CPU
		{A166310F-C72D-4A7C-8A63-4C5C66792A79}.AppStore|x64.ActiveCfg = Release|Any CPU
		{A166310F-C72D-4A7C-8A63-4C5C66792A79}.AppStore|x64.Build.0 = Release|Any CPU
		{A166310F-C72D-4A7C-8A63-4C5C66792A79}.AppStore|x86.ActiveCfg = Release|Any CPU
		{A166310F-C72D-4A7C-8A63-4C5C66792A79}.AppStore|x86.Build.0 = Release|Any CPU
		{A166310F-C72D-4A7C-8A63-4C5C66792A79}.Debug|Any CPU.ActiveCfg = Debug|Any CPU
		{A166310F-C72D-4A7C-8A63-4C5C66792A79}.Debug|Any CPU.Build.0 = Debug|Any CPU
		{A166310F-C72D-4A7C-8A63-4C5C66792A79}.Debug|ARM.ActiveCfg = Debug|Any CPU
		{A166310F-C72D-4A7C-8A63-4C5C66792A79}.Debug|ARM.Build.0 = Debug|Any CPU
		{A166310F-C72D-4A7C-8A63-4C5C66792A79}.Debug|iPhone.ActiveCfg = Debug|Any CPU
		{A166310F-C72D-4A7C-8A63-4C5C66792A79}.Debug|iPhone.Build.0 = Debug|Any CPU
		{A166310F-C72D-4A7C-8A63-4C5C66792A79}.Debug|iPhoneSimulator.ActiveCfg = Debug|Any CPU
		{A166310F-C72D-4A7C-8A63-4C5C66792A79}.Debug|iPhoneSimulator.Build.0 = Debug|Any CPU
		{A166310F-C72D-4A7C-8A63-4C5C66792A79}.Debug|x64.ActiveCfg = Debug|Any CPU
		{A166310F-C72D-4A7C-8A63-4C5C66792A79}.Debug|x64.Build.0 = Debug|Any CPU
		{A166310F-C72D-4A7C-8A63-4C5C66792A79}.Debug|x86.ActiveCfg = Debug|Any CPU
		{A166310F-C72D-4A7C-8A63-4C5C66792A79}.Debug|x86.Build.0 = Debug|Any CPU
		{A166310F-C72D-4A7C-8A63-4C5C66792A79}.Release|Any CPU.ActiveCfg = Release|Any CPU
		{A166310F-C72D-4A7C-8A63-4C5C66792A79}.Release|Any CPU.Build.0 = Release|Any CPU
		{A166310F-C72D-4A7C-8A63-4C5C66792A79}.Release|ARM.ActiveCfg = Release|Any CPU
		{A166310F-C72D-4A7C-8A63-4C5C66792A79}.Release|ARM.Build.0 = Release|Any CPU
		{A166310F-C72D-4A7C-8A63-4C5C66792A79}.Release|iPhone.ActiveCfg = Release|Any CPU
		{A166310F-C72D-4A7C-8A63-4C5C66792A79}.Release|iPhone.Build.0 = Release|Any CPU
		{A166310F-C72D-4A7C-8A63-4C5C66792A79}.Release|iPhoneSimulator.ActiveCfg = Release|Any CPU
		{A166310F-C72D-4A7C-8A63-4C5C66792A79}.Release|iPhoneSimulator.Build.0 = Release|Any CPU
		{A166310F-C72D-4A7C-8A63-4C5C66792A79}.Release|x64.ActiveCfg = Release|Any CPU
		{A166310F-C72D-4A7C-8A63-4C5C66792A79}.Release|x64.Build.0 = Release|Any CPU
		{A166310F-C72D-4A7C-8A63-4C5C66792A79}.Release|x86.ActiveCfg = Release|Any CPU
		{A166310F-C72D-4A7C-8A63-4C5C66792A79}.Release|x86.Build.0 = Release|Any CPU
		{670460FC-4E17-4F08-9570-6F38D37CF084}.Ad-Hoc|Any CPU.ActiveCfg = Release|Any CPU
		{670460FC-4E17-4F08-9570-6F38D37CF084}.Ad-Hoc|Any CPU.Build.0 = Release|Any CPU
		{670460FC-4E17-4F08-9570-6F38D37CF084}.Ad-Hoc|ARM.ActiveCfg = Release|Any CPU
		{670460FC-4E17-4F08-9570-6F38D37CF084}.Ad-Hoc|ARM.Build.0 = Release|Any CPU
		{670460FC-4E17-4F08-9570-6F38D37CF084}.Ad-Hoc|iPhone.ActiveCfg = Release|Any CPU
		{670460FC-4E17-4F08-9570-6F38D37CF084}.Ad-Hoc|iPhone.Build.0 = Release|Any CPU
		{670460FC-4E17-4F08-9570-6F38D37CF084}.Ad-Hoc|iPhoneSimulator.ActiveCfg = Release|Any CPU
		{670460FC-4E17-4F08-9570-6F38D37CF084}.Ad-Hoc|iPhoneSimulator.Build.0 = Release|Any CPU
		{670460FC-4E17-4F08-9570-6F38D37CF084}.Ad-Hoc|x64.ActiveCfg = Release|Any CPU
		{670460FC-4E17-4F08-9570-6F38D37CF084}.Ad-Hoc|x64.Build.0 = Release|Any CPU
		{670460FC-4E17-4F08-9570-6F38D37CF084}.Ad-Hoc|x86.ActiveCfg = Release|Any CPU
		{670460FC-4E17-4F08-9570-6F38D37CF084}.Ad-Hoc|x86.Build.0 = Release|Any CPU
		{670460FC-4E17-4F08-9570-6F38D37CF084}.AppStore|Any CPU.ActiveCfg = Release|Any CPU
		{670460FC-4E17-4F08-9570-6F38D37CF084}.AppStore|Any CPU.Build.0 = Release|Any CPU
		{670460FC-4E17-4F08-9570-6F38D37CF084}.AppStore|ARM.ActiveCfg = Release|Any CPU
		{670460FC-4E17-4F08-9570-6F38D37CF084}.AppStore|ARM.Build.0 = Release|Any CPU
		{670460FC-4E17-4F08-9570-6F38D37CF084}.AppStore|iPhone.ActiveCfg = Release|Any CPU
		{670460FC-4E17-4F08-9570-6F38D37CF084}.AppStore|iPhone.Build.0 = Release|Any CPU
		{670460FC-4E17-4F08-9570-6F38D37CF084}.AppStore|iPhoneSimulator.ActiveCfg = Release|Any CPU
		{670460FC-4E17-4F08-9570-6F38D37CF084}.AppStore|iPhoneSimulator.Build.0 = Release|Any CPU
		{670460FC-4E17-4F08-9570-6F38D37CF084}.AppStore|x64.ActiveCfg = Release|Any CPU
		{670460FC-4E17-4F08-9570-6F38D37CF084}.AppStore|x64.Build.0 = Release|Any CPU
		{670460FC-4E17-4F08-9570-6F38D37CF084}.AppStore|x86.ActiveCfg = Release|Any CPU
		{670460FC-4E17-4F08-9570-6F38D37CF084}.AppStore|x86.Build.0 = Release|Any CPU
		{670460FC-4E17-4F08-9570-6F38D37CF084}.Debug|Any CPU.ActiveCfg = Debug|Any CPU
		{670460FC-4E17-4F08-9570-6F38D37CF084}.Debug|Any CPU.Build.0 = Debug|Any CPU
		{670460FC-4E17-4F08-9570-6F38D37CF084}.Debug|Any CPU.Deploy.0 = Debug|Any CPU
		{670460FC-4E17-4F08-9570-6F38D37CF084}.Debug|ARM.ActiveCfg = Debug|Any CPU
		{670460FC-4E17-4F08-9570-6F38D37CF084}.Debug|ARM.Build.0 = Debug|Any CPU
		{670460FC-4E17-4F08-9570-6F38D37CF084}.Debug|iPhone.ActiveCfg = Debug|Any CPU
		{670460FC-4E17-4F08-9570-6F38D37CF084}.Debug|iPhone.Build.0 = Debug|Any CPU
		{670460FC-4E17-4F08-9570-6F38D37CF084}.Debug|iPhoneSimulator.ActiveCfg = Debug|Any CPU
		{670460FC-4E17-4F08-9570-6F38D37CF084}.Debug|iPhoneSimulator.Build.0 = Debug|Any CPU
		{670460FC-4E17-4F08-9570-6F38D37CF084}.Debug|x64.ActiveCfg = Debug|Any CPU
		{670460FC-4E17-4F08-9570-6F38D37CF084}.Debug|x64.Build.0 = Debug|Any CPU
		{670460FC-4E17-4F08-9570-6F38D37CF084}.Debug|x86.ActiveCfg = Debug|Any CPU
		{670460FC-4E17-4F08-9570-6F38D37CF084}.Debug|x86.Build.0 = Debug|Any CPU
		{670460FC-4E17-4F08-9570-6F38D37CF084}.Release|Any CPU.ActiveCfg = Release|Any CPU
		{670460FC-4E17-4F08-9570-6F38D37CF084}.Release|Any CPU.Build.0 = Release|Any CPU
		{670460FC-4E17-4F08-9570-6F38D37CF084}.Release|Any CPU.Deploy.0 = Release|Any CPU
		{670460FC-4E17-4F08-9570-6F38D37CF084}.Release|ARM.ActiveCfg = Release|Any CPU
		{670460FC-4E17-4F08-9570-6F38D37CF084}.Release|ARM.Build.0 = Release|Any CPU
		{670460FC-4E17-4F08-9570-6F38D37CF084}.Release|iPhone.ActiveCfg = Release|Any CPU
		{670460FC-4E17-4F08-9570-6F38D37CF084}.Release|iPhone.Build.0 = Release|Any CPU
		{670460FC-4E17-4F08-9570-6F38D37CF084}.Release|iPhoneSimulator.ActiveCfg = Release|Any CPU
		{670460FC-4E17-4F08-9570-6F38D37CF084}.Release|iPhoneSimulator.Build.0 = Release|Any CPU
		{670460FC-4E17-4F08-9570-6F38D37CF084}.Release|x64.ActiveCfg = Release|Any CPU
		{670460FC-4E17-4F08-9570-6F38D37CF084}.Release|x64.Build.0 = Release|Any CPU
		{670460FC-4E17-4F08-9570-6F38D37CF084}.Release|x86.ActiveCfg = Release|Any CPU
		{670460FC-4E17-4F08-9570-6F38D37CF084}.Release|x86.Build.0 = Release|Any CPU
		{E8EF4912-4B98-4EB4-BC1A-DCFB6A362237}.Ad-Hoc|Any CPU.ActiveCfg = Release|Any CPU
		{E8EF4912-4B98-4EB4-BC1A-DCFB6A362237}.Ad-Hoc|Any CPU.Build.0 = Release|Any CPU
		{E8EF4912-4B98-4EB4-BC1A-DCFB6A362237}.Ad-Hoc|ARM.ActiveCfg = Release|Any CPU
		{E8EF4912-4B98-4EB4-BC1A-DCFB6A362237}.Ad-Hoc|ARM.Build.0 = Release|Any CPU
		{E8EF4912-4B98-4EB4-BC1A-DCFB6A362237}.Ad-Hoc|iPhone.ActiveCfg = Release|Any CPU
		{E8EF4912-4B98-4EB4-BC1A-DCFB6A362237}.Ad-Hoc|iPhone.Build.0 = Release|Any CPU
		{E8EF4912-4B98-4EB4-BC1A-DCFB6A362237}.Ad-Hoc|iPhoneSimulator.ActiveCfg = Release|Any CPU
		{E8EF4912-4B98-4EB4-BC1A-DCFB6A362237}.Ad-Hoc|iPhoneSimulator.Build.0 = Release|Any CPU
		{E8EF4912-4B98-4EB4-BC1A-DCFB6A362237}.Ad-Hoc|x64.ActiveCfg = Release|Any CPU
		{E8EF4912-4B98-4EB4-BC1A-DCFB6A362237}.Ad-Hoc|x64.Build.0 = Release|Any CPU
		{E8EF4912-4B98-4EB4-BC1A-DCFB6A362237}.Ad-Hoc|x86.ActiveCfg = Release|Any CPU
		{E8EF4912-4B98-4EB4-BC1A-DCFB6A362237}.Ad-Hoc|x86.Build.0 = Release|Any CPU
		{E8EF4912-4B98-4EB4-BC1A-DCFB6A362237}.AppStore|Any CPU.ActiveCfg = Release|Any CPU
		{E8EF4912-4B98-4EB4-BC1A-DCFB6A362237}.AppStore|Any CPU.Build.0 = Release|Any CPU
		{E8EF4912-4B98-4EB4-BC1A-DCFB6A362237}.AppStore|ARM.ActiveCfg = Release|Any CPU
		{E8EF4912-4B98-4EB4-BC1A-DCFB6A362237}.AppStore|ARM.Build.0 = Release|Any CPU
		{E8EF4912-4B98-4EB4-BC1A-DCFB6A362237}.AppStore|iPhone.ActiveCfg = Release|Any CPU
		{E8EF4912-4B98-4EB4-BC1A-DCFB6A362237}.AppStore|iPhone.Build.0 = Release|Any CPU
		{E8EF4912-4B98-4EB4-BC1A-DCFB6A362237}.AppStore|iPhoneSimulator.ActiveCfg = Release|Any CPU
		{E8EF4912-4B98-4EB4-BC1A-DCFB6A362237}.AppStore|iPhoneSimulator.Build.0 = Release|Any CPU
		{E8EF4912-4B98-4EB4-BC1A-DCFB6A362237}.AppStore|x64.ActiveCfg = Release|Any CPU
		{E8EF4912-4B98-4EB4-BC1A-DCFB6A362237}.AppStore|x64.Build.0 = Release|Any CPU
		{E8EF4912-4B98-4EB4-BC1A-DCFB6A362237}.AppStore|x86.ActiveCfg = Release|Any CPU
		{E8EF4912-4B98-4EB4-BC1A-DCFB6A362237}.AppStore|x86.Build.0 = Release|Any CPU
		{E8EF4912-4B98-4EB4-BC1A-DCFB6A362237}.Debug|Any CPU.ActiveCfg = Debug|Any CPU
		{E8EF4912-4B98-4EB4-BC1A-DCFB6A362237}.Debug|Any CPU.Build.0 = Debug|Any CPU
		{E8EF4912-4B98-4EB4-BC1A-DCFB6A362237}.Debug|ARM.ActiveCfg = Debug|Any CPU
		{E8EF4912-4B98-4EB4-BC1A-DCFB6A362237}.Debug|ARM.Build.0 = Debug|Any CPU
		{E8EF4912-4B98-4EB4-BC1A-DCFB6A362237}.Debug|iPhone.ActiveCfg = Debug|Any CPU
		{E8EF4912-4B98-4EB4-BC1A-DCFB6A362237}.Debug|iPhone.Build.0 = Debug|Any CPU
		{E8EF4912-4B98-4EB4-BC1A-DCFB6A362237}.Debug|iPhoneSimulator.ActiveCfg = Debug|Any CPU
		{E8EF4912-4B98-4EB4-BC1A-DCFB6A362237}.Debug|iPhoneSimulator.Build.0 = Debug|Any CPU
		{E8EF4912-4B98-4EB4-BC1A-DCFB6A362237}.Debug|x64.ActiveCfg = Debug|Any CPU
		{E8EF4912-4B98-4EB4-BC1A-DCFB6A362237}.Debug|x64.Build.0 = Debug|Any CPU
		{E8EF4912-4B98-4EB4-BC1A-DCFB6A362237}.Debug|x86.ActiveCfg = Debug|Any CPU
		{E8EF4912-4B98-4EB4-BC1A-DCFB6A362237}.Debug|x86.Build.0 = Debug|Any CPU
		{E8EF4912-4B98-4EB4-BC1A-DCFB6A362237}.Release|Any CPU.ActiveCfg = Release|Any CPU
		{E8EF4912-4B98-4EB4-BC1A-DCFB6A362237}.Release|Any CPU.Build.0 = Release|Any CPU
		{E8EF4912-4B98-4EB4-BC1A-DCFB6A362237}.Release|ARM.ActiveCfg = Release|Any CPU
		{E8EF4912-4B98-4EB4-BC1A-DCFB6A362237}.Release|ARM.Build.0 = Release|Any CPU
		{E8EF4912-4B98-4EB4-BC1A-DCFB6A362237}.Release|iPhone.ActiveCfg = Release|Any CPU
		{E8EF4912-4B98-4EB4-BC1A-DCFB6A362237}.Release|iPhone.Build.0 = Release|Any CPU
		{E8EF4912-4B98-4EB4-BC1A-DCFB6A362237}.Release|iPhoneSimulator.ActiveCfg = Release|Any CPU
		{E8EF4912-4B98-4EB4-BC1A-DCFB6A362237}.Release|iPhoneSimulator.Build.0 = Release|Any CPU
		{E8EF4912-4B98-4EB4-BC1A-DCFB6A362237}.Release|x64.ActiveCfg = Release|Any CPU
		{E8EF4912-4B98-4EB4-BC1A-DCFB6A362237}.Release|x64.Build.0 = Release|Any CPU
		{E8EF4912-4B98-4EB4-BC1A-DCFB6A362237}.Release|x86.ActiveCfg = Release|Any CPU
		{E8EF4912-4B98-4EB4-BC1A-DCFB6A362237}.Release|x86.Build.0 = Release|Any CPU
		{4783B22C-9331-48F2-A17C-1F56443A5DCB}.Ad-Hoc|Any CPU.ActiveCfg = Release|x64
		{4783B22C-9331-48F2-A17C-1F56443A5DCB}.Ad-Hoc|Any CPU.Build.0 = Release|x64
		{4783B22C-9331-48F2-A17C-1F56443A5DCB}.Ad-Hoc|Any CPU.Deploy.0 = Release|x64
		{4783B22C-9331-48F2-A17C-1F56443A5DCB}.Ad-Hoc|ARM.ActiveCfg = Release|ARM
		{4783B22C-9331-48F2-A17C-1F56443A5DCB}.Ad-Hoc|ARM.Build.0 = Release|ARM
		{4783B22C-9331-48F2-A17C-1F56443A5DCB}.Ad-Hoc|ARM.Deploy.0 = Release|ARM
		{4783B22C-9331-48F2-A17C-1F56443A5DCB}.Ad-Hoc|ARM64.ActiveCfg = Release|ARM64
		{4783B22C-9331-48F2-A17C-1F56443A5DCB}.Ad-Hoc|ARM64.Build.0 = Release|ARM64
		{4783B22C-9331-48F2-A17C-1F56443A5DCB}.Ad-Hoc|ARM64.Deploy.0 = Release|ARM64
		{4783B22C-9331-48F2-A17C-1F56443A5DCB}.Ad-Hoc|iPhone.ActiveCfg = Release|x64
		{4783B22C-9331-48F2-A17C-1F56443A5DCB}.Ad-Hoc|iPhone.Build.0 = Release|x64
		{4783B22C-9331-48F2-A17C-1F56443A5DCB}.Ad-Hoc|iPhone.Deploy.0 = Release|x64
		{4783B22C-9331-48F2-A17C-1F56443A5DCB}.Ad-Hoc|iPhoneSimulator.ActiveCfg = Release|x64
		{4783B22C-9331-48F2-A17C-1F56443A5DCB}.Ad-Hoc|iPhoneSimulator.Build.0 = Release|x64
		{4783B22C-9331-48F2-A17C-1F56443A5DCB}.Ad-Hoc|iPhoneSimulator.Deploy.0 = Release|x64
		{4783B22C-9331-48F2-A17C-1F56443A5DCB}.Ad-Hoc|x64.ActiveCfg = Release|x64
		{4783B22C-9331-48F2-A17C-1F56443A5DCB}.Ad-Hoc|x64.Build.0 = Release|x64
		{4783B22C-9331-48F2-A17C-1F56443A5DCB}.Ad-Hoc|x64.Deploy.0 = Release|x64
		{4783B22C-9331-48F2-A17C-1F56443A5DCB}.Ad-Hoc|x86.ActiveCfg = Release|x86
		{4783B22C-9331-48F2-A17C-1F56443A5DCB}.Ad-Hoc|x86.Build.0 = Release|x86
		{4783B22C-9331-48F2-A17C-1F56443A5DCB}.Ad-Hoc|x86.Deploy.0 = Release|x86
		{4783B22C-9331-48F2-A17C-1F56443A5DCB}.AppStore|Any CPU.ActiveCfg = Release|x64
		{4783B22C-9331-48F2-A17C-1F56443A5DCB}.AppStore|Any CPU.Build.0 = Release|x64
		{4783B22C-9331-48F2-A17C-1F56443A5DCB}.AppStore|Any CPU.Deploy.0 = Release|x64
		{4783B22C-9331-48F2-A17C-1F56443A5DCB}.AppStore|ARM.ActiveCfg = Release|ARM
		{4783B22C-9331-48F2-A17C-1F56443A5DCB}.AppStore|ARM.Build.0 = Release|ARM
		{4783B22C-9331-48F2-A17C-1F56443A5DCB}.AppStore|ARM.Deploy.0 = Release|ARM
		{4783B22C-9331-48F2-A17C-1F56443A5DCB}.AppStore|ARM64.ActiveCfg = Release|ARM64
		{4783B22C-9331-48F2-A17C-1F56443A5DCB}.AppStore|ARM64.Build.0 = Release|ARM64
		{4783B22C-9331-48F2-A17C-1F56443A5DCB}.AppStore|ARM64.Deploy.0 = Release|ARM64
		{4783B22C-9331-48F2-A17C-1F56443A5DCB}.AppStore|iPhone.ActiveCfg = Release|x64
		{4783B22C-9331-48F2-A17C-1F56443A5DCB}.AppStore|iPhone.Build.0 = Release|x64
		{4783B22C-9331-48F2-A17C-1F56443A5DCB}.AppStore|iPhone.Deploy.0 = Release|x64
		{4783B22C-9331-48F2-A17C-1F56443A5DCB}.AppStore|iPhoneSimulator.ActiveCfg = Release|x64
		{4783B22C-9331-48F2-A17C-1F56443A5DCB}.AppStore|iPhoneSimulator.Build.0 = Release|x64
		{4783B22C-9331-48F2-A17C-1F56443A5DCB}.AppStore|iPhoneSimulator.Deploy.0 = Release|x64
		{4783B22C-9331-48F2-A17C-1F56443A5DCB}.AppStore|x64.ActiveCfg = Release|x64
		{4783B22C-9331-48F2-A17C-1F56443A5DCB}.AppStore|x64.Build.0 = Release|x64
		{4783B22C-9331-48F2-A17C-1F56443A5DCB}.AppStore|x64.Deploy.0 = Release|x64
		{4783B22C-9331-48F2-A17C-1F56443A5DCB}.AppStore|x86.ActiveCfg = Release|x86
		{4783B22C-9331-48F2-A17C-1F56443A5DCB}.AppStore|x86.Build.0 = Release|x86
		{4783B22C-9331-48F2-A17C-1F56443A5DCB}.AppStore|x86.Deploy.0 = Release|x86
		{4783B22C-9331-48F2-A17C-1F56443A5DCB}.Debug|Any CPU.ActiveCfg = Debug|x86
		{4783B22C-9331-48F2-A17C-1F56443A5DCB}.Debug|ARM.ActiveCfg = Debug|ARM
		{4783B22C-9331-48F2-A17C-1F56443A5DCB}.Debug|ARM.Build.0 = Debug|ARM
		{4783B22C-9331-48F2-A17C-1F56443A5DCB}.Debug|ARM.Deploy.0 = Debug|ARM
		{4783B22C-9331-48F2-A17C-1F56443A5DCB}.Debug|ARM64.ActiveCfg = Debug|ARM64
		{4783B22C-9331-48F2-A17C-1F56443A5DCB}.Debug|ARM64.Build.0 = Debug|ARM64
		{4783B22C-9331-48F2-A17C-1F56443A5DCB}.Debug|ARM64.Deploy.0 = Debug|ARM64
		{4783B22C-9331-48F2-A17C-1F56443A5DCB}.Debug|iPhone.ActiveCfg = Debug|x86
		{4783B22C-9331-48F2-A17C-1F56443A5DCB}.Debug|iPhoneSimulator.ActiveCfg = Debug|x86
		{4783B22C-9331-48F2-A17C-1F56443A5DCB}.Debug|x64.ActiveCfg = Debug|x64
		{4783B22C-9331-48F2-A17C-1F56443A5DCB}.Debug|x64.Build.0 = Debug|x64
		{4783B22C-9331-48F2-A17C-1F56443A5DCB}.Debug|x64.Deploy.0 = Debug|x64
		{4783B22C-9331-48F2-A17C-1F56443A5DCB}.Debug|x86.ActiveCfg = Debug|x86
		{4783B22C-9331-48F2-A17C-1F56443A5DCB}.Debug|x86.Build.0 = Debug|x86
		{4783B22C-9331-48F2-A17C-1F56443A5DCB}.Debug|x86.Deploy.0 = Debug|x86
		{4783B22C-9331-48F2-A17C-1F56443A5DCB}.Release|Any CPU.ActiveCfg = Release|x86
		{4783B22C-9331-48F2-A17C-1F56443A5DCB}.Release|ARM.ActiveCfg = Release|ARM
		{4783B22C-9331-48F2-A17C-1F56443A5DCB}.Release|ARM.Build.0 = Release|ARM
		{4783B22C-9331-48F2-A17C-1F56443A5DCB}.Release|ARM.Deploy.0 = Release|ARM
		{4783B22C-9331-48F2-A17C-1F56443A5DCB}.Release|ARM64.ActiveCfg = Release|ARM64
		{4783B22C-9331-48F2-A17C-1F56443A5DCB}.Release|ARM64.Build.0 = Release|ARM64
		{4783B22C-9331-48F2-A17C-1F56443A5DCB}.Release|ARM64.Deploy.0 = Release|ARM64
		{4783B22C-9331-48F2-A17C-1F56443A5DCB}.Release|iPhone.ActiveCfg = Release|x86
		{4783B22C-9331-48F2-A17C-1F56443A5DCB}.Release|iPhoneSimulator.ActiveCfg = Release|x86
		{4783B22C-9331-48F2-A17C-1F56443A5DCB}.Release|x64.ActiveCfg = Release|x64
		{4783B22C-9331-48F2-A17C-1F56443A5DCB}.Release|x64.Build.0 = Release|x64
		{4783B22C-9331-48F2-A17C-1F56443A5DCB}.Release|x64.Deploy.0 = Release|x64
		{4783B22C-9331-48F2-A17C-1F56443A5DCB}.Release|x86.ActiveCfg = Release|x86
		{4783B22C-9331-48F2-A17C-1F56443A5DCB}.Release|x86.Build.0 = Release|x86
		{4783B22C-9331-48F2-A17C-1F56443A5DCB}.Release|x86.Deploy.0 = Release|x86
	EndGlobalSection
	GlobalSection(SolutionProperties) = preSolution
		HideSolutionNode = FALSE
	EndGlobalSection
	GlobalSection(ExtensibilityGlobals) = postSolution
		SolutionGuid = {F6D05029-56B8-4E45-AF2D-0E76295DDBA2}
	EndGlobalSection
EndGlobal
